
Microsoft Visual Studio Solution File, Format Version 12.00
# Visual Studio Version 16
VisualStudioVersion = 16.0.31624.102
MinimumVisualStudioVersion = 10.0.40219.1
Project("{9A19103F-16F7-4668-BE54-9A1E7A4F7556}") = "StudentApp", "SampleChapter14Demo\StudentApp.csproj", "{FA8481C5-D24F-4CB9-8CEF-E02AF1DA0811}"
EndProject
Project("{9A19103F-16F7-4668-BE54-9A1E7A4F7556}") = "TestProject1", "TestProject1\TestProject1.csproj", "{80A4D647-BF93-4CAB-98E5-7D1FED1590D9}"
EndProject
Global
	GlobalSection(SolutionConfigurationPlatforms) = preSolution
		Debug|Any CPU = Debug|Any CPU
		Release|Any CPU = Release|Any CPU
	EndGlobalSection
	GlobalSection(ProjectConfigurationPlatforms) = postSolution
		{FA8481C5-D24F-4CB9-8CEF-E02AF1DA0811}.Debug|Any CPU.ActiveCfg = Debug|Any CPU
		{FA8481C5-D24F-4CB9-8CEF-E02AF1DA0811}.Debug|Any CPU.Build.0 = Debug|Any CPU
		{FA8481C5-D24F-4CB9-8CEF-E02AF1DA0811}.Release|Any CPU.ActiveCfg = Release|Any CPU
		{FA8481C5-D24F-4CB9-8CEF-E02AF1DA0811}.Release|Any CPU.Build.0 = Release|Any CPU
		{80A4D647-BF93-4CAB-98E5-7D1FED1590D9}.Debug|Any CPU.ActiveCfg = Debug|Any CPU
		{80A4D647-BF93-4CAB-98E5-7D1FED1590D9}.Debug|Any CPU.Build.0 = Debug|Any CPU
		{80A4D647-BF93-4CAB-98E5-7D1FED1590D9}.Release|Any CPU.ActiveCfg = Release|Any CPU
		{80A4D647-BF93-4CAB-98E5-7D1FED1590D9}.Release|Any CPU.Build.0 = Release|Any CPU
	EndGlobalSection
	GlobalSection(SolutionProperties) = preSolution
		HideSolutionNode = FALSE
	EndGlobalSection
	GlobalSection(ExtensibilityGlobals) = postSolution
		SolutionGuid = {F06AD1F4-6C47-4473-8BDF-C56F2C277B62}
	EndGlobalSection
EndGlobal
